
Microsoft Visual Studio Solution File, Format Version 12.00
# Visual Studio Version 17
VisualStudioVersion = 17.1.32210.238
MinimumVisualStudioVersion = 10.0.40219.1
Project("{9A19103F-16F7-4668-BE54-9A1E7A4F7556}") = "TheNewFora.Server", "TheNewFora\Server\TheNewFora.Server.csproj", "{0F6546CB-E139-4C6C-8432-EC1AD0A23617}"
EndProject
Project("{9A19103F-16F7-4668-BE54-9A1E7A4F7556}") = "TheNewFora.Client", "TheNewFora\Client\TheNewFora.Client.csproj", "{298C4DA5-A0CF-4C21-98C2-B1799472DEA4}"
EndProject
Project("{9A19103F-16F7-4668-BE54-9A1E7A4F7556}") = "TheNewFora.Shared", "TheNewFora\Shared\TheNewFora.Shared.csproj", "{A848F776-9B59-43A9-BCAE-11C8404482CC}"
EndProject
Project("{2150E333-8FDC-42A3-9474-1A3956D46DE8}") = "Solution Items", "Solution Items", "{91B58F61-AC0A-4E97-B81A-CA3102E9F3F4}"
	ProjectSection(SolutionItems) = preProject
		.editorconfig = .editorconfig
	EndProjectSection
EndProject
Global
	GlobalSection(SolutionConfigurationPlatforms) = preSolution
		Debug|Any CPU = Debug|Any CPU
		Release|Any CPU = Release|Any CPU
	EndGlobalSection
	GlobalSection(ProjectConfigurationPlatforms) = postSolution
		{0F6546CB-E139-4C6C-8432-EC1AD0A23617}.Debug|Any CPU.ActiveCfg = Debug|Any CPU
		{0F6546CB-E139-4C6C-8432-EC1AD0A23617}.Debug|Any CPU.Build.0 = Debug|Any CPU
		{0F6546CB-E139-4C6C-8432-EC1AD0A23617}.Release|Any CPU.ActiveCfg = Release|Any CPU
		{0F6546CB-E139-4C6C-8432-EC1AD0A23617}.Release|Any CPU.Build.0 = Release|Any CPU
		{298C4DA5-A0CF-4C21-98C2-B1799472DEA4}.Debug|Any CPU.ActiveCfg = Debug|Any CPU
		{298C4DA5-A0CF-4C21-98C2-B1799472DEA4}.Debug|Any CPU.Build.0 = Debug|Any CPU
		{298C4DA5-A0CF-4C21-98C2-B1799472DEA4}.Release|Any CPU.ActiveCfg = Release|Any CPU
		{298C4DA5-A0CF-4C21-98C2-B1799472DEA4}.Release|Any CPU.Build.0 = Release|Any CPU
		{A848F776-9B59-43A9-BCAE-11C8404482CC}.Debug|Any CPU.ActiveCfg = Debug|Any CPU
		{A848F776-9B59-43A9-BCAE-11C8404482CC}.Debug|Any CPU.Build.0 = Debug|Any CPU
		{A848F776-9B59-43A9-BCAE-11C8404482CC}.Release|Any CPU.ActiveCfg = Release|Any CPU
		{A848F776-9B59-43A9-BCAE-11C8404482CC}.Release|Any CPU.Build.0 = Release|Any CPU
	EndGlobalSection
	GlobalSection(SolutionProperties) = preSolution
		HideSolutionNode = FALSE
	EndGlobalSection
	GlobalSection(ExtensibilityGlobals) = postSolution
		SolutionGuid = {9A06B083-0714-4A8D-A695-4FD4A50510E4}
	EndGlobalSection
EndGlobal
